
Microsoft Visual Studio Solution File, Format Version 12.00
# Visual Studio 14
VisualStudioVersion = 14.0.25123.0
MinimumVisualStudioVersion = 10.0.40219.1
Project("{FAE04EC0-301F-11D3-BF4B-00C04F79EFBC}") = "SensorTagDemo.Droid", "SensorTagDemo\SensorTagDemo.Droid\SensorTagDemo.Droid.csproj", "{DA1F8DBC-1CF6-451A-B793-FFF4257362C7}"
EndProject
Project("{FAE04EC0-301F-11D3-BF4B-00C04F79EFBC}") = "SensorTagDemo.iOS", "SensorTagDemo\SensorTagDemo.iOS\SensorTagDemo.iOS.csproj", "{E31728A5-EC22-4751-A177-66BFE1B0D79A}"
EndProject
Project("{FAE04EC0-301F-11D3-BF4B-00C04F79EFBC}") = "SensorTagDemo.WinPhone", "SensorTagDemo\SensorTagDemo.WinPhone\SensorTagDemo.WinPhone.csproj", "{C32E4FED-B718-446E-9E62-DFA84AA51D5C}"
EndProject
Project("{FAE04EC0-301F-11D3-BF4B-00C04F79EFBC}") = "SensorTagDemo.UWP", "SensorTagDemo\SensorTagDemo.UWP\SensorTagDemo.UWP.csproj", "{78DEC612-032A-41FC-906F-3DE8097A051C}"
EndProject
Project("{FAE04EC0-301F-11D3-BF4B-00C04F79EFBC}") = "SensorTagDemo.Windows", "SensorTagDemo\SensorTagDemo.Windows\SensorTagDemo.Windows.csproj", "{C1F191C4-E1F1-42CB-9C30-2558CA9C8C72}"
EndProject
Project("{FAE04EC0-301F-11D3-BF4B-00C04F79EFBC}") = "SensorTagDemo", "SensorTagDemo\SensorTagDemo\SensorTagDemo.csproj", "{2F0A7247-B898-44C7-9932-16E00B5DE8E4}"
EndProject
Global
	GlobalSection(SolutionConfigurationPlatforms) = preSolution
		Ad-Hoc|Any CPU = Ad-Hoc|Any CPU
		Ad-Hoc|ARM = Ad-Hoc|ARM
		Ad-Hoc|iPhone = Ad-Hoc|iPhone
		Ad-Hoc|iPhoneSimulator = Ad-Hoc|iPhoneSimulator
		Ad-Hoc|x64 = Ad-Hoc|x64
		Ad-Hoc|x86 = Ad-Hoc|x86
		AppStore|Any CPU = AppStore|Any CPU
		AppStore|ARM = AppStore|ARM
		AppStore|iPhone = AppStore|iPhone
		AppStore|iPhoneSimulator = AppStore|iPhoneSimulator
		AppStore|x64 = AppStore|x64
		AppStore|x86 = AppStore|x86
		Debug|Any CPU = Debug|Any CPU
		Debug|ARM = Debug|ARM
		Debug|iPhone = Debug|iPhone
		Debug|iPhoneSimulator = Debug|iPhoneSimulator
		Debug|x64 = Debug|x64
		Debug|x86 = Debug|x86
		Release|Any CPU = Release|Any CPU
		Release|ARM = Release|ARM
		Release|iPhone = Release|iPhone
		Release|iPhoneSimulator = Release|iPhoneSimulator
		Release|x64 = Release|x64
		Release|x86 = Release|x86
	EndGlobalSection
	GlobalSection(ProjectConfigurationPlatforms) = postSolution
		{DA1F8DBC-1CF6-451A-B793-FFF4257362C7}.Ad-Hoc|Any CPU.ActiveCfg = Release|Any CPU
		{DA1F8DBC-1CF6-451A-B793-FFF4257362C7}.Ad-Hoc|Any CPU.Build.0 = Release|Any CPU
		{DA1F8DBC-1CF6-451A-B793-FFF4257362C7}.Ad-Hoc|Any CPU.Deploy.0 = Release|Any CPU
		{DA1F8DBC-1CF6-451A-B793-FFF4257362C7}.Ad-Hoc|ARM.ActiveCfg = Release|Any CPU
		{DA1F8DBC-1CF6-451A-B793-FFF4257362C7}.Ad-Hoc|ARM.Build.0 = Release|Any CPU
		{DA1F8DBC-1CF6-451A-B793-FFF4257362C7}.Ad-Hoc|ARM.Deploy.0 = Release|Any CPU
		{DA1F8DBC-1CF6-451A-B793-FFF4257362C7}.Ad-Hoc|iPhone.ActiveCfg = Release|Any CPU
		{DA1F8DBC-1CF6-451A-B793-FFF4257362C7}.Ad-Hoc|iPhone.Build.0 = Release|Any CPU
		{DA1F8DBC-1CF6-451A-B793-FFF4257362C7}.Ad-Hoc|iPhone.Deploy.0 = Release|Any CPU
		{DA1F8DBC-1CF6-451A-B793-FFF4257362C7}.Ad-Hoc|iPhoneSimulator.ActiveCfg = Release|Any CPU
		{DA1F8DBC-1CF6-451A-B793-FFF4257362C7}.Ad-Hoc|iPhoneSimulator.Build.0 = Release|Any CPU
		{DA1F8DBC-1CF6-451A-B793-FFF4257362C7}.Ad-Hoc|iPhoneSimulator.Deploy.0 = Release|Any CPU
		{DA1F8DBC-1CF6-451A-B793-FFF4257362C7}.Ad-Hoc|x64.ActiveCfg = Release|Any CPU
		{DA1F8DBC-1CF6-451A-B793-FFF4257362C7}.Ad-Hoc|x64.Build.0 = Release|Any CPU
		{DA1F8DBC-1CF6-451A-B793-FFF4257362C7}.Ad-Hoc|x64.Deploy.0 = Release|Any CPU
		{DA1F8DBC-1CF6-451A-B793-FFF4257362C7}.Ad-Hoc|x86.ActiveCfg = Release|Any CPU
		{DA1F8DBC-1CF6-451A-B793-FFF4257362C7}.Ad-Hoc|x86.Build.0 = Release|Any CPU
		{DA1F8DBC-1CF6-451A-B793-FFF4257362C7}.Ad-Hoc|x86.Deploy.0 = Release|Any CPU
		{DA1F8DBC-1CF6-451A-B793-FFF4257362C7}.AppStore|Any CPU.ActiveCfg = Release|Any CPU
		{DA1F8DBC-1CF6-451A-B793-FFF4257362C7}.AppStore|Any CPU.Build.0 = Release|Any CPU
		{DA1F8DBC-1CF6-451A-B793-FFF4257362C7}.AppStore|Any CPU.Deploy.0 = Release|Any CPU
		{DA1F8DBC-1CF6-451A-B793-FFF4257362C7}.AppStore|ARM.ActiveCfg = Release|Any CPU
		{DA1F8DBC-1CF6-451A-B793-FFF4257362C7}.AppStore|ARM.Build.0 = Release|Any CPU
		{DA1F8DBC-1CF6-451A-B793-FFF4257362C7}.AppStore|ARM.Deploy.0 = Release|Any CPU
		{DA1F8DBC-1CF6-451A-B793-FFF4257362C7}.AppStore|iPhone.ActiveCfg = Release|Any CPU
		{DA1F8DBC-1CF6-451A-B793-FFF4257362C7}.AppStore|iPhone.Build.0 = Release|Any CPU
		{DA1F8DBC-1CF6-451A-B793-FFF4257362C7}.AppStore|iPhone.Deploy.0 = Release|Any CPU
		{DA1F8DBC-1CF6-451A-B793-FFF4257362C7}.AppStore|iPhoneSimulator.ActiveCfg = Release|Any CPU
		{DA1F8DBC-1CF6-451A-B793-FFF4257362C7}.AppStore|iPhoneSimulator.Build.0 = Release|Any CPU
		{DA1F8DBC-1CF6-451A-B793-FFF4257362C7}.AppStore|iPhoneSimulator.Deploy.0 = Release|Any CPU
		{DA1F8DBC-1CF6-451A-B793-FFF4257362C7}.AppStore|x64.ActiveCfg = Release|Any CPU
		{DA1F8DBC-1CF6-451A-B793-FFF4257362C7}.AppStore|x64.Build.0 = Release|Any CPU
		{DA1F8DBC-1CF6-451A-B793-FFF4257362C7}.AppStore|x64.Deploy.0 = Release|Any CPU
		{DA1F8DBC-1CF6-451A-B793-FFF4257362C7}.AppStore|x86.ActiveCfg = Release|Any CPU
		{DA1F8DBC-1CF6-451A-B793-FFF4257362C7}.AppStore|x86.Build.0 = Release|Any CPU
		{DA1F8DBC-1CF6-451A-B793-FFF4257362C7}.AppStore|x86.Deploy.0 = Release|Any CPU
		{DA1F8DBC-1CF6-451A-B793-FFF4257362C7}.Debug|Any CPU.ActiveCfg = Debug|Any CPU
		{DA1F8DBC-1CF6-451A-B793-FFF4257362C7}.Debug|Any CPU.Build.0 = Debug|Any CPU
		{DA1F8DBC-1CF6-451A-B793-FFF4257362C7}.Debug|Any CPU.Deploy.0 = Debug|Any CPU
		{DA1F8DBC-1CF6-451A-B793-FFF4257362C7}.Debug|ARM.ActiveCfg = Debug|Any CPU
		{DA1F8DBC-1CF6-451A-B793-FFF4257362C7}.Debug|ARM.Build.0 = Debug|Any CPU
		{DA1F8DBC-1CF6-451A-B793-FFF4257362C7}.Debug|ARM.Deploy.0 = Debug|Any CPU
		{DA1F8DBC-1CF6-451A-B793-FFF4257362C7}.Debug|iPhone.ActiveCfg = Debug|Any CPU
		{DA1F8DBC-1CF6-451A-B793-FFF4257362C7}.Debug|iPhone.Build.0 = Debug|Any CPU
		{DA1F8DBC-1CF6-451A-B793-FFF4257362C7}.Debug|iPhone.Deploy.0 = Debug|Any CPU
		{DA1F8DBC-1CF6-451A-B793-FFF4257362C7}.Debug|iPhoneSimulator.ActiveCfg = Debug|Any CPU
		{DA1F8DBC-1CF6-451A-B793-FFF4257362C7}.Debug|iPhoneSimulator.Build.0 = Debug|Any CPU
		{DA1F8DBC-1CF6-451A-B793-FFF4257362C7}.Debug|iPhoneSimulator.Deploy.0 = Debug|Any CPU
		{DA1F8DBC-1CF6-451A-B793-FFF4257362C7}.Debug|x64.ActiveCfg = Debug|Any CPU
		{DA1F8DBC-1CF6-451A-B793-FFF4257362C7}.Debug|x64.Build.0 = Debug|Any CPU
		{DA1F8DBC-1CF6-451A-B793-FFF4257362C7}.Debug|x64.Deploy.0 = Debug|Any CPU
		{DA1F8DBC-1CF6-451A-B793-FFF4257362C7}.Debug|x86.ActiveCfg = Debug|Any CPU
		{DA1F8DBC-1CF6-451A-B793-FFF4257362C7}.Debug|x86.Build.0 = Debug|Any CPU
		{DA1F8DBC-1CF6-451A-B793-FFF4257362C7}.Debug|x86.Deploy.0 = Debug|Any CPU
		{DA1F8DBC-1CF6-451A-B793-FFF4257362C7}.Release|Any CPU.ActiveCfg = Release|Any CPU
		{DA1F8DBC-1CF6-451A-B793-FFF4257362C7}.Release|Any CPU.Build.0 = Release|Any CPU
		{DA1F8DBC-1CF6-451A-B793-FFF4257362C7}.Release|Any CPU.Deploy.0 = Release|Any CPU
		{DA1F8DBC-1CF6-451A-B793-FFF4257362C7}.Release|ARM.ActiveCfg = Release|Any CPU
		{DA1F8DBC-1CF6-451A-B793-FFF4257362C7}.Release|ARM.Build.0 = Release|Any CPU
		{DA1F8DBC-1CF6-451A-B793-FFF4257362C7}.Release|ARM.Deploy.0 = Release|Any CPU
		{DA1F8DBC-1CF6-451A-B793-FFF4257362C7}.Release|iPhone.ActiveCfg = Release|Any CPU
		{DA1F8DBC-1CF6-451A-B793-FFF4257362C7}.Release|iPhone.Build.0 = Release|Any CPU
		{DA1F8DBC-1CF6-451A-B793-FFF4257362C7}.Release|iPhone.Deploy.0 = Release|Any CPU
		{DA1F8DBC-1CF6-451A-B793-FFF4257362C7}.Release|iPhoneSimulator.ActiveCfg = Release|Any CPU
		{DA1F8DBC-1CF6-451A-B793-FFF4257362C7}.Release|iPhoneSimulator.Build.0 = Release|Any CPU
		{DA1F8DBC-1CF6-451A-B793-FFF4257362C7}.Release|iPhoneSimulator.Deploy.0 = Release|Any CPU
		{DA1F8DBC-1CF6-451A-B793-FFF4257362C7}.Release|x64.ActiveCfg = Release|Any CPU
		{DA1F8DBC-1CF6-451A-B793-FFF4257362C7}.Release|x64.Build.0 = Release|Any CPU
		{DA1F8DBC-1CF6-451A-B793-FFF4257362C7}.Release|x64.Deploy.0 = Release|Any CPU
		{DA1F8DBC-1CF6-451A-B793-FFF4257362C7}.Release|x86.ActiveCfg = Release|Any CPU
		{DA1F8DBC-1CF6-451A-B793-FFF4257362C7}.Release|x86.Build.0 = Release|Any CPU
		{DA1F8DBC-1CF6-451A-B793-FFF4257362C7}.Release|x86.Deploy.0 = Release|Any CPU
		{E31728A5-EC22-4751-A177-66BFE1B0D79A}.Ad-Hoc|Any CPU.ActiveCfg = Ad-Hoc|iPhone
		{E31728A5-EC22-4751-A177-66BFE1B0D79A}.Ad-Hoc|ARM.ActiveCfg = Ad-Hoc|iPhone
		{E31728A5-EC22-4751-A177-66BFE1B0D79A}.Ad-Hoc|iPhone.ActiveCfg = Ad-Hoc|iPhone
		{E31728A5-EC22-4751-A177-66BFE1B0D79A}.Ad-Hoc|iPhone.Build.0 = Ad-Hoc|iPhone
		{E31728A5-EC22-4751-A177-66BFE1B0D79A}.Ad-Hoc|iPhoneSimulator.ActiveCfg = Ad-Hoc|iPhoneSimulator
		{E31728A5-EC22-4751-A177-66BFE1B0D79A}.Ad-Hoc|iPhoneSimulator.Build.0 = Ad-Hoc|iPhoneSimulator
		{E31728A5-EC22-4751-A177-66BFE1B0D79A}.Ad-Hoc|x64.ActiveCfg = Ad-Hoc|iPhone
		{E31728A5-EC22-4751-A177-66BFE1B0D79A}.Ad-Hoc|x86.ActiveCfg = Ad-Hoc|iPhone
		{E31728A5-EC22-4751-A177-66BFE1B0D79A}.AppStore|Any CPU.ActiveCfg = AppStore|iPhone
		{E31728A5-EC22-4751-A177-66BFE1B0D79A}.AppStore|ARM.ActiveCfg = AppStore|iPhone
		{E31728A5-EC22-4751-A177-66BFE1B0D79A}.AppStore|iPhone.ActiveCfg = AppStore|iPhone
		{E31728A5-EC22-4751-A177-66BFE1B0D79A}.AppStore|iPhone.Build.0 = AppStore|iPhone
		{E31728A5-EC22-4751-A177-66BFE1B0D79A}.AppStore|iPhoneSimulator.ActiveCfg = AppStore|iPhoneSimulator
		{E31728A5-EC22-4751-A177-66BFE1B0D79A}.AppStore|iPhoneSimulator.Build.0 = AppStore|iPhoneSimulator
		{E31728A5-EC22-4751-A177-66BFE1B0D79A}.AppStore|x64.ActiveCfg = AppStore|iPhone
		{E31728A5-EC22-4751-A177-66BFE1B0D79A}.AppStore|x86.ActiveCfg = AppStore|iPhone
		{E31728A5-EC22-4751-A177-66BFE1B0D79A}.Debug|Any CPU.ActiveCfg = Debug|iPhone
		{E31728A5-EC22-4751-A177-66BFE1B0D79A}.Debug|ARM.ActiveCfg = Debug|iPhone
		{E31728A5-EC22-4751-A177-66BFE1B0D79A}.Debug|iPhone.ActiveCfg = Debug|iPhone
		{E31728A5-EC22-4751-A177-66BFE1B0D79A}.Debug|iPhone.Build.0 = Debug|iPhone
		{E31728A5-EC22-4751-A177-66BFE1B0D79A}.Debug|iPhoneSimulator.ActiveCfg = Debug|iPhoneSimulator
		{E31728A5-EC22-4751-A177-66BFE1B0D79A}.Debug|iPhoneSimulator.Build.0 = Debug|iPhoneSimulator
		{E31728A5-EC22-4751-A177-66BFE1B0D79A}.Debug|x64.ActiveCfg = Debug|iPhone
		{E31728A5-EC22-4751-A177-66BFE1B0D79A}.Debug|x86.ActiveCfg = Debug|iPhone
		{E31728A5-EC22-4751-A177-66BFE1B0D79A}.Release|Any CPU.ActiveCfg = Release|iPhone
		{E31728A5-EC22-4751-A177-66BFE1B0D79A}.Release|ARM.ActiveCfg = Release|iPhone
		{E31728A5-EC22-4751-A177-66BFE1B0D79A}.Release|iPhone.ActiveCfg = Release|iPhone
		{E31728A5-EC22-4751-A177-66BFE1B0D79A}.Release|iPhone.Build.0 = Release|iPhone
		{E31728A5-EC22-4751-A177-66BFE1B0D79A}.Release|iPhoneSimulator.ActiveCfg = Release|iPhoneSimulator
		{E31728A5-EC22-4751-A177-66BFE1B0D79A}.Release|iPhoneSimulator.Build.0 = Release|iPhoneSimulator
		{E31728A5-EC22-4751-A177-66BFE1B0D79A}.Release|x64.ActiveCfg = Release|iPhone
		{E31728A5-EC22-4751-A177-66BFE1B0D79A}.Release|x86.ActiveCfg = Release|iPhone
		{C32E4FED-B718-446E-9E62-DFA84AA51D5C}.Ad-Hoc|Any CPU.ActiveCfg = Release|Any CPU
		{C32E4FED-B718-446E-9E62-DFA84AA51D5C}.Ad-Hoc|Any CPU.Build.0 = Release|Any CPU
		{C32E4FED-B718-446E-9E62-DFA84AA51D5C}.Ad-Hoc|Any CPU.Deploy.0 = Release|Any CPU
		{C32E4FED-B718-446E-9E62-DFA84AA51D5C}.Ad-Hoc|ARM.ActiveCfg = Release|ARM
		{C32E4FED-B718-446E-9E62-DFA84AA51D5C}.Ad-Hoc|ARM.Build.0 = Release|ARM
		{C32E4FED-B718-446E-9E62-DFA84AA51D5C}.Ad-Hoc|ARM.Deploy.0 = Release|ARM
		{C32E4FED-B718-446E-9E62-DFA84AA51D5C}.Ad-Hoc|iPhone.ActiveCfg = Release|Any CPU
		{C32E4FED-B718-446E-9E62-DFA84AA51D5C}.Ad-Hoc|iPhone.Build.0 = Release|Any CPU
		{C32E4FED-B718-446E-9E62-DFA84AA51D5C}.Ad-Hoc|iPhone.Deploy.0 = Release|Any CPU
		{C32E4FED-B718-446E-9E62-DFA84AA51D5C}.Ad-Hoc|iPhoneSimulator.ActiveCfg = Release|Any CPU
		{C32E4FED-B718-446E-9E62-DFA84AA51D5C}.Ad-Hoc|iPhoneSimulator.Build.0 = Release|Any CPU
		{C32E4FED-B718-446E-9E62-DFA84AA51D5C}.Ad-Hoc|iPhoneSimulator.Deploy.0 = Release|Any CPU
		{C32E4FED-B718-446E-9E62-DFA84AA51D5C}.Ad-Hoc|x64.ActiveCfg = Release|Any CPU
		{C32E4FED-B718-446E-9E62-DFA84AA51D5C}.Ad-Hoc|x64.Build.0 = Release|Any CPU
		{C32E4FED-B718-446E-9E62-DFA84AA51D5C}.Ad-Hoc|x64.Deploy.0 = Release|Any CPU
		{C32E4FED-B718-446E-9E62-DFA84AA51D5C}.Ad-Hoc|x86.ActiveCfg = Release|x86
		{C32E4FED-B718-446E-9E62-DFA84AA51D5C}.Ad-Hoc|x86.Build.0 = Release|x86
		{C32E4FED-B718-446E-9E62-DFA84AA51D5C}.Ad-Hoc|x86.Deploy.0 = Release|x86
		{C32E4FED-B718-446E-9E62-DFA84AA51D5C}.AppStore|Any CPU.ActiveCfg = Release|Any CPU
		{C32E4FED-B718-446E-9E62-DFA84AA51D5C}.AppStore|Any CPU.Build.0 = Release|Any CPU
		{C32E4FED-B718-446E-9E62-DFA84AA51D5C}.AppStore|Any CPU.Deploy.0 = Release|Any CPU
		{C32E4FED-B718-446E-9E62-DFA84AA51D5C}.AppStore|ARM.ActiveCfg = Release|ARM
		{C32E4FED-B718-446E-9E62-DFA84AA51D5C}.AppStore|ARM.Build.0 = Release|ARM
		{C32E4FED-B718-446E-9E62-DFA84AA51D5C}.AppStore|ARM.Deploy.0 = Release|ARM
		{C32E4FED-B718-446E-9E62-DFA84AA51D5C}.AppStore|iPhone.ActiveCfg = Release|Any CPU
		{C32E4FED-B718-446E-9E62-DFA84AA51D5C}.AppStore|iPhone.Build.0 = Release|Any CPU
		{C32E4FED-B718-446E-9E62-DFA84AA51D5C}.AppStore|iPhone.Deploy.0 = Release|Any CPU
		{C32E4FED-B718-446E-9E62-DFA84AA51D5C}.AppStore|iPhoneSimulator.ActiveCfg = Release|Any CPU
		{C32E4FED-B718-446E-9E62-DFA84AA51D5C}.AppStore|iPhoneSimulator.Build.0 = Release|Any CPU
		{C32E4FED-B718-446E-9E62-DFA84AA51D5C}.AppStore|iPhoneSimulator.Deploy.0 = Release|Any CPU
		{C32E4FED-B718-446E-9E62-DFA84AA51D5C}.AppStore|x64.ActiveCfg = Release|Any CPU
		{C32E4FED-B718-446E-9E62-DFA84AA51D5C}.AppStore|x64.Build.0 = Release|Any CPU
		{C32E4FED-B718-446E-9E62-DFA84AA51D5C}.AppStore|x64.Deploy.0 = Release|Any CPU
		{C32E4FED-B718-446E-9E62-DFA84AA51D5C}.AppStore|x86.ActiveCfg = Release|x86
		{C32E4FED-B718-446E-9E62-DFA84AA51D5C}.AppStore|x86.Build.0 = Release|x86
		{C32E4FED-B718-446E-9E62-DFA84AA51D5C}.AppStore|x86.Deploy.0 = Release|x86
		{C32E4FED-B718-446E-9E62-DFA84AA51D5C}.Debug|Any CPU.ActiveCfg = Debug|Any CPU
		{C32E4FED-B718-446E-9E62-DFA84AA51D5C}.Debug|Any CPU.Build.0 = Debug|Any CPU
		{C32E4FED-B718-446E-9E62-DFA84AA51D5C}.Debug|Any CPU.Deploy.0 = Debug|Any CPU
		{C32E4FED-B718-446E-9E62-DFA84AA51D5C}.Debug|ARM.ActiveCfg = Debug|ARM
		{C32E4FED-B718-446E-9E62-DFA84AA51D5C}.Debug|ARM.Build.0 = Debug|ARM
		{C32E4FED-B718-446E-9E62-DFA84AA51D5C}.Debug|ARM.Deploy.0 = Debug|ARM
		{C32E4FED-B718-446E-9E62-DFA84AA51D5C}.Debug|iPhone.ActiveCfg = Debug|Any CPU
		{C32E4FED-B718-446E-9E62-DFA84AA51D5C}.Debug|iPhone.Build.0 = Debug|Any CPU
		{C32E4FED-B718-446E-9E62-DFA84AA51D5C}.Debug|iPhone.Deploy.0 = Debug|Any CPU
		{C32E4FED-B718-446E-9E62-DFA84AA51D5C}.Debug|iPhoneSimulator.ActiveCfg = Debug|Any CPU
		{C32E4FED-B718-446E-9E62-DFA84AA51D5C}.Debug|iPhoneSimulator.Build.0 = Debug|Any CPU
		{C32E4FED-B718-446E-9E62-DFA84AA51D5C}.Debug|iPhoneSimulator.Deploy.0 = Debug|Any CPU
		{C32E4FED-B718-446E-9E62-DFA84AA51D5C}.Debug|x64.ActiveCfg = Debug|Any CPU
		{C32E4FED-B718-446E-9E62-DFA84AA51D5C}.Debug|x64.Build.0 = Debug|Any CPU
		{C32E4FED-B718-446E-9E62-DFA84AA51D5C}.Debug|x64.Deploy.0 = Debug|Any CPU
		{C32E4FED-B718-446E-9E62-DFA84AA51D5C}.Debug|x86.ActiveCfg = Debug|x86
		{C32E4FED-B718-446E-9E62-DFA84AA51D5C}.Debug|x86.Build.0 = Debug|x86
		{C32E4FED-B718-446E-9E62-DFA84AA51D5C}.Debug|x86.Deploy.0 = Debug|x86
		{C32E4FED-B718-446E-9E62-DFA84AA51D5C}.Release|Any CPU.ActiveCfg = Release|Any CPU
		{C32E4FED-B718-446E-9E62-DFA84AA51D5C}.Release|Any CPU.Build.0 = Release|Any CPU
		{C32E4FED-B718-446E-9E62-DFA84AA51D5C}.Release|Any CPU.Deploy.0 = Release|Any CPU
		{C32E4FED-B718-446E-9E62-DFA84AA51D5C}.Release|ARM.ActiveCfg = Release|ARM
		{C32E4FED-B718-446E-9E62-DFA84AA51D5C}.Release|ARM.Build.0 = Release|ARM
		{C32E4FED-B718-446E-9E62-DFA84AA51D5C}.Release|ARM.Deploy.0 = Release|ARM
		{C32E4FED-B718-446E-9E62-DFA84AA51D5C}.Release|iPhone.ActiveCfg = Release|Any CPU
		{C32E4FED-B718-446E-9E62-DFA84AA51D5C}.Release|iPhone.Build.0 = Release|Any CPU
		{C32E4FED-B718-446E-9E62-DFA84AA51D5C}.Release|iPhone.Deploy.0 = Release|Any CPU
		{C32E4FED-B718-446E-9E62-DFA84AA51D5C}.Release|iPhoneSimulator.ActiveCfg = Release|Any CPU
		{C32E4FED-B718-446E-9E62-DFA84AA51D5C}.Release|iPhoneSimulator.Build.0 = Release|Any CPU
		{C32E4FED-B718-446E-9E62-DFA84AA51D5C}.Release|iPhoneSimulator.Deploy.0 = Release|Any CPU
		{C32E4FED-B718-446E-9E62-DFA84AA51D5C}.Release|x64.ActiveCfg = Release|Any CPU
		{C32E4FED-B718-446E-9E62-DFA84AA51D5C}.Release|x64.Build.0 = Release|Any CPU
		{C32E4FED-B718-446E-9E62-DFA84AA51D5C}.Release|x64.Deploy.0 = Release|Any CPU
		{C32E4FED-B718-446E-9E62-DFA84AA51D5C}.Release|x86.ActiveCfg = Release|x86
		{C32E4FED-B718-446E-9E62-DFA84AA51D5C}.Release|x86.Build.0 = Release|x86
		{C32E4FED-B718-446E-9E62-DFA84AA51D5C}.Release|x86.Deploy.0 = Release|x86
		{78DEC612-032A-41FC-906F-3DE8097A051C}.Ad-Hoc|Any CPU.ActiveCfg = Release|x86
		{78DEC612-032A-41FC-906F-3DE8097A051C}.Ad-Hoc|Any CPU.Build.0 = Release|x86
		{78DEC612-032A-41FC-906F-3DE8097A051C}.Ad-Hoc|Any CPU.Deploy.0 = Release|x86
		{78DEC612-032A-41FC-906F-3DE8097A051C}.Ad-Hoc|ARM.ActiveCfg = Release|ARM
		{78DEC612-032A-41FC-906F-3DE8097A051C}.Ad-Hoc|ARM.Build.0 = Release|ARM
		{78DEC612-032A-41FC-906F-3DE8097A051C}.Ad-Hoc|ARM.Deploy.0 = Release|ARM
		{78DEC612-032A-41FC-906F-3DE8097A051C}.Ad-Hoc|iPhone.ActiveCfg = Release|x86
		{78DEC612-032A-41FC-906F-3DE8097A051C}.Ad-Hoc|iPhone.Build.0 = Release|x86
		{78DEC612-032A-41FC-906F-3DE8097A051C}.Ad-Hoc|iPhone.Deploy.0 = Release|x86
		{78DEC612-032A-41FC-906F-3DE8097A051C}.Ad-Hoc|iPhoneSimulator.ActiveCfg = Release|x86
		{78DEC612-032A-41FC-906F-3DE8097A051C}.Ad-Hoc|iPhoneSimulator.Build.0 = Release|x86
		{78DEC612-032A-41FC-906F-3DE8097A051C}.Ad-Hoc|iPhoneSimulator.Deploy.0 = Release|x86
		{78DEC612-032A-41FC-906F-3DE8097A051C}.Ad-Hoc|x64.ActiveCfg = Release|x64
		{78DEC612-032A-41FC-906F-3DE8097A051C}.Ad-Hoc|x64.Build.0 = Release|x64
		{78DEC612-032A-41FC-906F-3DE8097A051C}.Ad-Hoc|x64.Deploy.0 = Release|x64
		{78DEC612-032A-41FC-906F-3DE8097A051C}.Ad-Hoc|x86.ActiveCfg = Release|x86
		{78DEC612-032A-41FC-906F-3DE8097A051C}.Ad-Hoc|x86.Build.0 = Release|x86
		{78DEC612-032A-41FC-906F-3DE8097A051C}.Ad-Hoc|x86.Deploy.0 = Release|x86
		{78DEC612-032A-41FC-906F-3DE8097A051C}.AppStore|Any CPU.ActiveCfg = Release|x86
		{78DEC612-032A-41FC-906F-3DE8097A051C}.AppStore|Any CPU.Build.0 = Release|x86
		{78DEC612-032A-41FC-906F-3DE8097A051C}.AppStore|Any CPU.Deploy.0 = Release|x86
		{78DEC612-032A-41FC-906F-3DE8097A051C}.AppStore|ARM.ActiveCfg = Release|ARM
		{78DEC612-032A-41FC-906F-3DE8097A051C}.AppStore|ARM.Build.0 = Release|ARM
		{78DEC612-032A-41FC-906F-3DE8097A051C}.AppStore|ARM.Deploy.0 = Release|ARM
		{78DEC612-032A-41FC-906F-3DE8097A051C}.AppStore|iPhone.ActiveCfg = Release|x86
		{78DEC612-032A-41FC-906F-3DE8097A051C}.AppStore|iPhone.Build.0 = Release|x86
		{78DEC612-032A-41FC-906F-3DE8097A051C}.AppStore|iPhone.Deploy.0 = Release|x86
		{78DEC612-032A-41FC-906F-3DE8097A051C}.AppStore|iPhoneSimulator.ActiveCfg = Release|x86
		{78DEC612-032A-41FC-906F-3DE8097A051C}.AppStore|iPhoneSimulator.Build.0 = Release|x86
		{78DEC612-032A-41FC-906F-3DE8097A051C}.AppStore|iPhoneSimulator.Deploy.0 = Release|x86
		{78DEC612-032A-41FC-906F-3DE8097A051C}.AppStore|x64.ActiveCfg = Release|x64
		{78DEC612-032A-41FC-906F-3DE8097A051C}.AppStore|x64.Build.0 = Release|x64
		{78DEC612-032A-41FC-906F-3DE8097A051C}.AppStore|x64.Deploy.0 = Release|x64
		{78DEC612-032A-41FC-906F-3DE8097A051C}.AppStore|x86.ActiveCfg = Release|x86
		{78DEC612-032A-41FC-906F-3DE8097A051C}.AppStore|x86.Build.0 = Release|x86
		{78DEC612-032A-41FC-906F-3DE8097A051C}.AppStore|x86.Deploy.0 = Release|x86
		{78DEC612-032A-41FC-906F-3DE8097A051C}.Debug|Any CPU.ActiveCfg = Debug|x86
		{78DEC612-032A-41FC-906F-3DE8097A051C}.Debug|ARM.ActiveCfg = Debug|ARM
		{78DEC612-032A-41FC-906F-3DE8097A051C}.Debug|ARM.Build.0 = Debug|ARM
		{78DEC612-032A-41FC-906F-3DE8097A051C}.Debug|ARM.Deploy.0 = Debug|ARM
		{78DEC612-032A-41FC-906F-3DE8097A051C}.Debug|iPhone.ActiveCfg = Debug|x86
		{78DEC612-032A-41FC-906F-3DE8097A051C}.Debug|iPhoneSimulator.ActiveCfg = Debug|x86
		{78DEC612-032A-41FC-906F-3DE8097A051C}.Debug|x64.ActiveCfg = Debug|x64
		{78DEC612-032A-41FC-906F-3DE8097A051C}.Debug|x64.Build.0 = Debug|x64
		{78DEC612-032A-41FC-906F-3DE8097A051C}.Debug|x64.Deploy.0 = Debug|x64
		{78DEC612-032A-41FC-906F-3DE8097A051C}.Debug|x86.ActiveCfg = Debug|x86
		{78DEC612-032A-41FC-906F-3DE8097A051C}.Debug|x86.Build.0 = Debug|x86
		{78DEC612-032A-41FC-906F-3DE8097A051C}.Debug|x86.Deploy.0 = Debug|x86
		{78DEC612-032A-41FC-906F-3DE8097A051C}.Release|Any CPU.ActiveCfg = Release|x86
		{78DEC612-032A-41FC-906F-3DE8097A051C}.Release|ARM.ActiveCfg = Release|ARM
		{78DEC612-032A-41FC-906F-3DE8097A051C}.Release|ARM.Build.0 = Release|ARM
		{78DEC612-032A-41FC-906F-3DE8097A051C}.Release|ARM.Deploy.0 = Release|ARM
		{78DEC612-032A-41FC-906F-3DE8097A051C}.Release|iPhone.ActiveCfg = Release|x86
		{78DEC612-032A-41FC-906F-3DE8097A051C}.Release|iPhoneSimulator.ActiveCfg = Release|x86
		{78DEC612-032A-41FC-906F-3DE8097A051C}.Release|x64.ActiveCfg = Release|x64
		{78DEC612-032A-41FC-906F-3DE8097A051C}.Release|x64.Build.0 = Release|x64
		{78DEC612-032A-41FC-906F-3DE8097A051C}.Release|x64.Deploy.0 = Release|x64
		{78DEC612-032A-41FC-906F-3DE8097A051C}.Release|x86.ActiveCfg = Release|x86
		{78DEC612-032A-41FC-906F-3DE8097A051C}.Release|x86.Build.0 = Release|x86
		{78DEC612-032A-41FC-906F-3DE8097A051C}.Release|x86.Deploy.0 = Release|x86
		{C1F191C4-E1F1-42CB-9C30-2558CA9C8C72}.Ad-Hoc|Any CPU.ActiveCfg = Release|Any CPU
		{C1F191C4-E1F1-42CB-9C30-2558CA9C8C72}.Ad-Hoc|Any CPU.Build.0 = Release|Any CPU
		{C1F191C4-E1F1-42CB-9C30-2558CA9C8C72}.Ad-Hoc|Any CPU.Deploy.0 = Release|Any CPU
		{C1F191C4-E1F1-42CB-9C30-2558CA9C8C72}.Ad-Hoc|ARM.ActiveCfg = Release|ARM
		{C1F191C4-E1F1-42CB-9C30-2558CA9C8C72}.Ad-Hoc|ARM.Build.0 = Release|ARM
		{C1F191C4-E1F1-42CB-9C30-2558CA9C8C72}.Ad-Hoc|ARM.Deploy.0 = Release|ARM
		{C1F191C4-E1F1-42CB-9C30-2558CA9C8C72}.Ad-Hoc|iPhone.ActiveCfg = Release|Any CPU
		{C1F191C4-E1F1-42CB-9C30-2558CA9C8C72}.Ad-Hoc|iPhone.Build.0 = Release|Any CPU
		{C1F191C4-E1F1-42CB-9C30-2558CA9C8C72}.Ad-Hoc|iPhone.Deploy.0 = Release|Any CPU
		{C1F191C4-E1F1-42CB-9C30-2558CA9C8C72}.Ad-Hoc|iPhoneSimulator.ActiveCfg = Release|Any CPU
		{C1F191C4-E1F1-42CB-9C30-2558CA9C8C72}.Ad-Hoc|iPhoneSimulator.Build.0 = Release|Any CPU
		{C1F191C4-E1F1-42CB-9C30-2558CA9C8C72}.Ad-Hoc|iPhoneSimulator.Deploy.0 = Release|Any CPU
		{C1F191C4-E1F1-42CB-9C30-2558CA9C8C72}.Ad-Hoc|x64.ActiveCfg = Release|x64
		{C1F191C4-E1F1-42CB-9C30-2558CA9C8C72}.Ad-Hoc|x64.Build.0 = Release|x64
		{C1F191C4-E1F1-42CB-9C30-2558CA9C8C72}.Ad-Hoc|x64.Deploy.0 = Release|x64
		{C1F191C4-E1F1-42CB-9C30-2558CA9C8C72}.Ad-Hoc|x86.ActiveCfg = Release|x86
		{C1F191C4-E1F1-42CB-9C30-2558CA9C8C72}.Ad-Hoc|x86.Build.0 = Release|x86
		{C1F191C4-E1F1-42CB-9C30-2558CA9C8C72}.Ad-Hoc|x86.Deploy.0 = Release|x86
		{C1F191C4-E1F1-42CB-9C30-2558CA9C8C72}.AppStore|Any CPU.ActiveCfg = Release|Any CPU
		{C1F191C4-E1F1-42CB-9C30-2558CA9C8C72}.AppStore|Any CPU.Build.0 = Release|Any CPU
		{C1F191C4-E1F1-42CB-9C30-2558CA9C8C72}.AppStore|Any CPU.Deploy.0 = Release|Any CPU
		{C1F191C4-E1F1-42CB-9C30-2558CA9C8C72}.AppStore|ARM.ActiveCfg = Release|ARM
		{C1F191C4-E1F1-42CB-9C30-2558CA9C8C72}.AppStore|ARM.Build.0 = Release|ARM
		{C1F191C4-E1F1-42CB-9C30-2558CA9C8C72}.AppStore|ARM.Deploy.0 = Release|ARM
		{C1F191C4-E1F1-42CB-9C30-2558CA9C8C72}.AppStore|iPhone.ActiveCfg = Release|Any CPU
		{C1F191C4-E1F1-42CB-9C30-2558CA9C8C72}.AppStore|iPhone.Build.0 = Release|Any CPU
		{C1F191C4-E1F1-42CB-9C30-2558CA9C8C72}.AppStore|iPhone.Deploy.0 = Release|Any CPU
		{C1F191C4-E1F1-42CB-9C30-2558CA9C8C72}.AppStore|iPhoneSimulator.ActiveCfg = Release|Any CPU
		{C1F191C4-E1F1-42CB-9C30-2558CA9C8C72}.AppStore|iPhoneSimulator.Build.0 = Release|Any CPU
		{C1F191C4-E1F1-42CB-9C30-2558CA9C8C72}.AppStore|iPhoneSimulator.Deploy.0 = Release|Any CPU
		{C1F191C4-E1F1-42CB-9C30-2558CA9C8C72}.AppStore|x64.ActiveCfg = Release|x64
		{C1F191C4-E1F1-42CB-9C30-2558CA9C8C72}.AppStore|x64.Build.0 = Release|x64
		{C1F191C4-E1F1-42CB-9C30-2558CA9C8C72}.AppStore|x64.Deploy.0 = Release|x64
		{C1F191C4-E1F1-42CB-9C30-2558CA9C8C72}.AppStore|x86.ActiveCfg = Release|x86
		{C1F191C4-E1F1-42CB-9C30-2558CA9C8C72}.AppStore|x86.Build.0 = Release|x86
		{C1F191C4-E1F1-42CB-9C30-2558CA9C8C72}.AppStore|x86.Deploy.0 = Release|x86
		{C1F191C4-E1F1-42CB-9C30-2558CA9C8C72}.Debug|Any CPU.ActiveCfg = Debug|Any CPU
		{C1F191C4-E1F1-42CB-9C30-2558CA9C8C72}.Debug|Any CPU.Build.0 = Debug|Any CPU
		{C1F191C4-E1F1-42CB-9C30-2558CA9C8C72}.Debug|Any CPU.Deploy.0 = Debug|Any CPU
		{C1F191C4-E1F1-42CB-9C30-2558CA9C8C72}.Debug|ARM.ActiveCfg = Debug|ARM
		{C1F191C4-E1F1-42CB-9C30-2558CA9C8C72}.Debug|ARM.Build.0 = Debug|ARM
		{C1F191C4-E1F1-42CB-9C30-2558CA9C8C72}.Debug|ARM.Deploy.0 = Debug|ARM
		{C1F191C4-E1F1-42CB-9C30-2558CA9C8C72}.Debug|iPhone.ActiveCfg = Debug|Any CPU
		{C1F191C4-E1F1-42CB-9C30-2558CA9C8C72}.Debug|iPhone.Build.0 = Debug|Any CPU
		{C1F191C4-E1F1-42CB-9C30-2558CA9C8C72}.Debug|iPhone.Deploy.0 = Debug|Any CPU
		{C1F191C4-E1F1-42CB-9C30-2558CA9C8C72}.Debug|iPhoneSimulator.ActiveCfg = Debug|Any CPU
		{C1F191C4-E1F1-42CB-9C30-2558CA9C8C72}.Debug|iPhoneSimulator.Build.0 = Debug|Any CPU
		{C1F191C4-E1F1-42CB-9C30-2558CA9C8C72}.Debug|iPhoneSimulator.Deploy.0 = Debug|Any CPU
		{C1F191C4-E1F1-42CB-9C30-2558CA9C8C72}.Debug|x64.ActiveCfg = Debug|x64
		{C1F191C4-E1F1-42CB-9C30-2558CA9C8C72}.Debug|x64.Build.0 = Debug|x64
		{C1F191C4-E1F1-42CB-9C30-2558CA9C8C72}.Debug|x64.Deploy.0 = Debug|x64
		{C1F191C4-E1F1-42CB-9C30-2558CA9C8C72}.Debug|x86.ActiveCfg = Debug|x86
		{C1F191C4-E1F1-42CB-9C30-2558CA9C8C72}.Debug|x86.Build.0 = Debug|x86
		{C1F191C4-E1F1-42CB-9C30-2558CA9C8C72}.Debug|x86.Deploy.0 = Debug|x86
		{C1F191C4-E1F1-42CB-9C30-2558CA9C8C72}.Release|Any CPU.ActiveCfg = Release|Any CPU
		{C1F191C4-E1F1-42CB-9C30-2558CA9C8C72}.Release|Any CPU.Build.0 = Release|Any CPU
		{C1F191C4-E1F1-42CB-9C30-2558CA9C8C72}.Release|Any CPU.Deploy.0 = Release|Any CPU
		{C1F191C4-E1F1-42CB-9C30-2558CA9C8C72}.Release|ARM.ActiveCfg = Release|ARM
		{C1F191C4-E1F1-42CB-9C30-2558CA9C8C72}.Release|ARM.Build.0 = Release|ARM
		{C1F191C4-E1F1-42CB-9C30-2558CA9C8C72}.Release|ARM.Deploy.0 = Release|ARM
		{C1F191C4-E1F1-42CB-9C30-2558CA9C8C72}.Release|iPhone.ActiveCfg = Release|Any CPU
		{C1F191C4-E1F1-42CB-9C30-2558CA9C8C72}.Release|iPhone.Build.0 = Release|Any CPU
		{C1F191C4-E1F1-42CB-9C30-2558CA9C8C72}.Release|iPhone.Deploy.0 = Release|Any CPU
		{C1F191C4-E1F1-42CB-9C30-2558CA9C8C72}.Release|iPhoneSimulator.ActiveCfg = Release|Any CPU
		{C1F191C4-E1F1-42CB-9C30-2558CA9C8C72}.Release|iPhoneSimulator.Build.0 = Release|Any CPU
		{C1F191C4-E1F1-42CB-9C30-2558CA9C8C72}.Release|iPhoneSimulator.Deploy.0 = Release|Any CPU
		{C1F191C4-E1F1-42CB-9C30-2558CA9C8C72}.Release|x64.ActiveCfg = Release|x64
		{C1F191C4-E1F1-42CB-9C30-2558CA9C8C72}.Release|x64.Build.0 = Release|x64
		{C1F191C4-E1F1-42CB-9C30-2558CA9C8C72}.Release|x64.Deploy.0 = Release|x64
		{C1F191C4-E1F1-42CB-9C30-2558CA9C8C72}.Release|x86.ActiveCfg = Release|x86
		{C1F191C4-E1F1-42CB-9C30-2558CA9C8C72}.Release|x86.Build.0 = Release|x86
		{C1F191C4-E1F1-42CB-9C30-2558CA9C8C72}.Release|x86.Deploy.0 = Release|x86
		{2F0A7247-B898-44C7-9932-16E00B5DE8E4}.Ad-Hoc|Any CPU.ActiveCfg = Release|Any CPU
		{2F0A7247-B898-44C7-9932-16E00B5DE8E4}.Ad-Hoc|Any CPU.Build.0 = Release|Any CPU
		{2F0A7247-B898-44C7-9932-16E00B5DE8E4}.Ad-Hoc|ARM.ActiveCfg = Release|Any CPU
		{2F0A7247-B898-44C7-9932-16E00B5DE8E4}.Ad-Hoc|ARM.Build.0 = Release|Any CPU
		{2F0A7247-B898-44C7-9932-16E00B5DE8E4}.Ad-Hoc|iPhone.ActiveCfg = Release|Any CPU
		{2F0A7247-B898-44C7-9932-16E00B5DE8E4}.Ad-Hoc|iPhone.Build.0 = Release|Any CPU
		{2F0A7247-B898-44C7-9932-16E00B5DE8E4}.Ad-Hoc|iPhoneSimulator.ActiveCfg = Release|Any CPU
		{2F0A7247-B898-44C7-9932-16E00B5DE8E4}.Ad-Hoc|iPhoneSimulator.Build.0 = Release|Any CPU
		{2F0A7247-B898-44C7-9932-16E00B5DE8E4}.Ad-Hoc|x64.ActiveCfg = Release|Any CPU
		{2F0A7247-B898-44C7-9932-16E00B5DE8E4}.Ad-Hoc|x64.Build.0 = Release|Any CPU
		{2F0A7247-B898-44C7-9932-16E00B5DE8E4}.Ad-Hoc|x86.ActiveCfg = Release|Any CPU
		{2F0A7247-B898-44C7-9932-16E00B5DE8E4}.Ad-Hoc|x86.Build.0 = Release|Any CPU
		{2F0A7247-B898-44C7-9932-16E00B5DE8E4}.AppStore|Any CPU.ActiveCfg = Release|Any CPU
		{2F0A7247-B898-44C7-9932-16E00B5DE8E4}.AppStore|Any CPU.Build.0 = Release|Any CPU
		{2F0A7247-B898-44C7-9932-16E00B5DE8E4}.AppStore|ARM.ActiveCfg = Release|Any CPU
		{2F0A7247-B898-44C7-9932-16E00B5DE8E4}.AppStore|ARM.Build.0 = Release|Any CPU
		{2F0A7247-B898-44C7-9932-16E00B5DE8E4}.AppStore|iPhone.ActiveCfg = Release|Any CPU
		{2F0A7247-B898-44C7-9932-16E00B5DE8E4}.AppStore|iPhone.Build.0 = Release|Any CPU
		{2F0A7247-B898-44C7-9932-16E00B5DE8E4}.AppStore|iPhoneSimulator.ActiveCfg = Release|Any CPU
		{2F0A7247-B898-44C7-9932-16E00B5DE8E4}.AppStore|iPhoneSimulator.Build.0 = Release|Any CPU
		{2F0A7247-B898-44C7-9932-16E00B5DE8E4}.AppStore|x64.ActiveCfg = Release|Any CPU
		{2F0A7247-B898-44C7-9932-16E00B5DE8E4}.AppStore|x64.Build.0 = Release|Any CPU
		{2F0A7247-B898-44C7-9932-16E00B5DE8E4}.AppStore|x86.ActiveCfg = Release|Any CPU
		{2F0A7247-B898-44C7-9932-16E00B5DE8E4}.AppStore|x86.Build.0 = Release|Any CPU
		{2F0A7247-B898-44C7-9932-16E00B5DE8E4}.Debug|Any CPU.ActiveCfg = Debug|Any CPU
		{2F0A7247-B898-44C7-9932-16E00B5DE8E4}.Debug|Any CPU.Build.0 = Debug|Any CPU
		{2F0A7247-B898-44C7-9932-16E00B5DE8E4}.Debug|ARM.ActiveCfg = Debug|Any CPU
		{2F0A7247-B898-44C7-9932-16E00B5DE8E4}.Debug|ARM.Build.0 = Debug|Any CPU
		{2F0A7247-B898-44C7-9932-16E00B5DE8E4}.Debug|iPhone.ActiveCfg = Debug|Any CPU
		{2F0A7247-B898-44C7-9932-16E00B5DE8E4}.Debug|iPhone.Build.0 = Debug|Any CPU
		{2F0A7247-B898-44C7-9932-16E00B5DE8E4}.Debug|iPhoneSimulator.ActiveCfg = Debug|Any CPU
		{2F0A7247-B898-44C7-9932-16E00B5DE8E4}.Debug|iPhoneSimulator.Build.0 = Debug|Any CPU
		{2F0A7247-B898-44C7-9932-16E00B5DE8E4}.Debug|x64.ActiveCfg = Debug|Any CPU
		{2F0A7247-B898-44C7-9932-16E00B5DE8E4}.Debug|x64.Build.0 = Debug|Any CPU
		{2F0A7247-B898-44C7-9932-16E00B5DE8E4}.Debug|x86.ActiveCfg = Debug|Any CPU
		{2F0A7247-B898-44C7-9932-16E00B5DE8E4}.Debug|x86.Build.0 = Debug|Any CPU
		{2F0A7247-B898-44C7-9932-16E00B5DE8E4}.Release|Any CPU.ActiveCfg = Release|Any CPU
		{2F0A7247-B898-44C7-9932-16E00B5DE8E4}.Release|Any CPU.Build.0 = Release|Any CPU
		{2F0A7247-B898-44C7-9932-16E00B5DE8E4}.Release|ARM.ActiveCfg = Release|Any CPU
		{2F0A7247-B898-44C7-9932-16E00B5DE8E4}.Release|ARM.Build.0 = Release|Any CPU
		{2F0A7247-B898-44C7-9932-16E00B5DE8E4}.Release|iPhone.ActiveCfg = Release|Any CPU
		{2F0A7247-B898-44C7-9932-16E00B5DE8E4}.Release|iPhone.Build.0 = Release|Any CPU
		{2F0A7247-B898-44C7-9932-16E00B5DE8E4}.Release|iPhoneSimulator.ActiveCfg = Release|Any CPU
		{2F0A7247-B898-44C7-9932-16E00B5DE8E4}.Release|iPhoneSimulator.Build.0 = Release|Any CPU
		{2F0A7247-B898-44C7-9932-16E00B5DE8E4}.Release|x64.ActiveCfg = Release|Any CPU
		{2F0A7247-B898-44C7-9932-16E00B5DE8E4}.Release|x64.Build.0 = Release|Any CPU
		{2F0A7247-B898-44C7-9932-16E00B5DE8E4}.Release|x86.ActiveCfg = Release|Any CPU
		{2F0A7247-B898-44C7-9932-16E00B5DE8E4}.Release|x86.Build.0 = Release|Any CPU
	EndGlobalSection
	GlobalSection(SolutionProperties) = preSolution
		HideSolutionNode = FALSE
	EndGlobalSection
EndGlobal
